
Microsoft Visual Studio Solution File, Format Version 12.00
# Visual Studio 15
VisualStudioVersion = 15.0.28307.539
MinimumVisualStudioVersion = 10.0.40219.1
Project("{FAE04EC0-301F-11D3-BF4B-00C04F79EFBC}") = "AirplaneCrud.Website", "AirplaneCrud.Website\AirplaneCrud.Website.csproj", "{690DDB63-7775-4070-B58C-21A9C2D3AF1A}"
EndProject
Project("{2150E333-8FDC-42A3-9474-1A3956D46DE8}") = "1 - Applications", "1 - Applications", "{F88F6F72-14A5-41DA-AB80-275AE16E2DAA}"
EndProject
Project("{FAE04EC0-301F-11D3-BF4B-00C04F79EFBC}") = "AirplaneCrud.Domain", "AirplaneCrud.Domain\AirplaneCrud.Domain.csproj", "{0F6F3FB0-C5B6-4CF9-B41E-CA36A321844F}"
EndProject
Project("{FAE04EC0-301F-11D3-BF4B-00C04F79EFBC}") = "AirplaneCrud.Domain.Gol", "AirplaneCrud.Domain.Gol\AirplaneCrud.Domain.Gol.csproj", "{90383963-2573-4769-845F-B54BB3803513}"
EndProject
Project("{FAE04EC0-301F-11D3-BF4B-00C04F79EFBC}") = "AirplaneCrud.Repository", "AirplaneCrud.Repository\AirplaneCrud.Repository.csproj", "{387F1A43-FA72-431E-A4B7-B6D1C1A48829}"
EndProject
Project("{2150E333-8FDC-42A3-9474-1A3956D46DE8}") = "2 - Domains", "2 - Domains", "{2D7846F3-AE6A-42A0-A4D3-F59037814D1D}"
EndProject
Project("{2150E333-8FDC-42A3-9474-1A3956D46DE8}") = "3 - Repositorys", "3 - Repositorys", "{7263B763-101B-4D3D-AEE6-73AEBFE7BCD1}"
EndProject
Project("{2150E333-8FDC-42A3-9474-1A3956D46DE8}") = "4 - CrossCutting", "4 - CrossCutting", "{A14AA81F-4AF9-47BF-AFED-CB3B3252526C}"
EndProject
Project("{FAE04EC0-301F-11D3-BF4B-00C04F79EFBC}") = "AirplaneCrud.DependencyInjection", "AirplaneCrud.DependencyInjection\AirplaneCrud.DependencyInjection.csproj", "{3F1204BA-BC2D-4988-A569-5603B9BEBC62}"
EndProject
Global
	GlobalSection(SolutionConfigurationPlatforms) = preSolution
		Debug|Any CPU = Debug|Any CPU
		Release|Any CPU = Release|Any CPU
	EndGlobalSection
	GlobalSection(ProjectConfigurationPlatforms) = postSolution
		{690DDB63-7775-4070-B58C-21A9C2D3AF1A}.Debug|Any CPU.ActiveCfg = Debug|Any CPU
		{690DDB63-7775-4070-B58C-21A9C2D3AF1A}.Debug|Any CPU.Build.0 = Debug|Any CPU
		{690DDB63-7775-4070-B58C-21A9C2D3AF1A}.Release|Any CPU.ActiveCfg = Release|Any CPU
		{690DDB63-7775-4070-B58C-21A9C2D3AF1A}.Release|Any CPU.Build.0 = Release|Any CPU
		{0F6F3FB0-C5B6-4CF9-B41E-CA36A321844F}.Debug|Any CPU.ActiveCfg = Debug|Any CPU
		{0F6F3FB0-C5B6-4CF9-B41E-CA36A321844F}.Debug|Any CPU.Build.0 = Debug|Any CPU
		{0F6F3FB0-C5B6-4CF9-B41E-CA36A321844F}.Release|Any CPU.ActiveCfg = Release|Any CPU
		{0F6F3FB0-C5B6-4CF9-B41E-CA36A321844F}.Release|Any CPU.Build.0 = Release|Any CPU
		{90383963-2573-4769-845F-B54BB3803513}.Debug|Any CPU.ActiveCfg = Debug|Any CPU
		{90383963-2573-4769-845F-B54BB3803513}.Debug|Any CPU.Build.0 = Debug|Any CPU
		{90383963-2573-4769-845F-B54BB3803513}.Release|Any CPU.ActiveCfg = Release|Any CPU
		{90383963-2573-4769-845F-B54BB3803513}.Release|Any CPU.Build.0 = Release|Any CPU
		{387F1A43-FA72-431E-A4B7-B6D1C1A48829}.Debug|Any CPU.ActiveCfg = Debug|Any CPU
		{387F1A43-FA72-431E-A4B7-B6D1C1A48829}.Debug|Any CPU.Build.0 = Debug|Any CPU
		{387F1A43-FA72-431E-A4B7-B6D1C1A48829}.Release|Any CPU.ActiveCfg = Release|Any CPU
		{387F1A43-FA72-431E-A4B7-B6D1C1A48829}.Release|Any CPU.Build.0 = Release|Any CPU
		{3F1204BA-BC2D-4988-A569-5603B9BEBC62}.Debug|Any CPU.ActiveCfg = Debug|Any CPU
		{3F1204BA-BC2D-4988-A569-5603B9BEBC62}.Debug|Any CPU.Build.0 = Debug|Any CPU
		{3F1204BA-BC2D-4988-A569-5603B9BEBC62}.Release|Any CPU.ActiveCfg = Release|Any CPU
		{3F1204BA-BC2D-4988-A569-5603B9BEBC62}.Release|Any CPU.Build.0 = Release|Any CPU
	EndGlobalSection
	GlobalSection(SolutionProperties) = preSolution
		HideSolutionNode = FALSE
	EndGlobalSection
	GlobalSection(NestedProjects) = preSolution
		{690DDB63-7775-4070-B58C-21A9C2D3AF1A} = {F88F6F72-14A5-41DA-AB80-275AE16E2DAA}
		{0F6F3FB0-C5B6-4CF9-B41E-CA36A321844F} = {2D7846F3-AE6A-42A0-A4D3-F59037814D1D}
		{90383963-2573-4769-845F-B54BB3803513} = {2D7846F3-AE6A-42A0-A4D3-F59037814D1D}
		{387F1A43-FA72-431E-A4B7-B6D1C1A48829} = {7263B763-101B-4D3D-AEE6-73AEBFE7BCD1}
		{3F1204BA-BC2D-4988-A569-5603B9BEBC62} = {A14AA81F-4AF9-47BF-AFED-CB3B3252526C}
	EndGlobalSection
	GlobalSection(ExtensibilityGlobals) = postSolution
		SolutionGuid = {157EA392-4CCB-4387-8D93-94257FDCC97B}
	EndGlobalSection
EndGlobal
